# This file was autogenerated by Stack.
# You should not edit this file by hand.
# For more information, please see the documentation at:
#   https://docs.haskellstack.org/en/stable/lock_files

packages:
- completed:
    hackage: numhask-0.4.0@sha256:5cca2f809980e73897cfbc4f27de8467602a7692878fa3bb25c7079cb22f7c83,1483
    pantry-tree:
      size: 1609
      sha256: dab081ae5881c450c4337a0350970c00589c41e077ebeff39a13f42c3fed36a7
  original:
    hackage: numhask-0.4.0
- completed:
    hackage: numhask-prelude-0.3.3@sha256:3046b6940da79846166e89ed2ffdb6acf37c6d318ee2f2953ebc24a066f599ab,1349
    pantry-tree:
      size: 398
      sha256: 61cf28fcfeca6216e71872915dcf14530d23f3c344c4f49ccf3367f54e3cd5aa
  original:
    hackage: numhask-prelude-0.3.3
- completed:
    hackage: numhask-hedgehog-0.3.2@sha256:2252c1979c049211b7a2cbb3d291280c00e8d51d9fe9263b82343d58c92b19db,1566
    pantry-tree:
      size: 560
      sha256: 7c4f710b9ccf361b3cecee924325843f99ecc29cabce73d2255cefdb66e9d9e6
  original:
    hackage: numhask-hedgehog-0.3.2
- completed:
    hackage: numhask-space-0.3.0@sha256:a84862b4c93e0024b4087691a903d996f2d62ecead23449ac76e151b152f57b2,1537
    pantry-tree:
      size: 675
      sha256: 8b1c8cf5173aa1a7f82c986ba940aba13c534df3c05433a0080f6e48fd6947ab
  original:
    hackage: numhask-space-0.3.0
- completed:
    hackage: tdigest-0.2.1@sha256:7e95247641b6a831b11ebef2e277f3fff3503bf19b71ec8372ae17b7deff6020,3231
    pantry-tree:
      size: 1299
      sha256: 04a29843c7ffa4fe819fb4be2fd09d9171c6f61294014f45066fb3d74ad0effb
  original:
    hackage: tdigest-0.2.1
snapshots:
- completed:
    size: 525876
    url: https://raw.githubusercontent.com/commercialhaskell/stackage-snapshots/master/lts/14/13.yaml
    sha256: 4a0e79eb194c937cc2a1852ff84d983c63ac348dc6bad5f38d20cab697036eef
  original: lts-14.13
